{
  "lockfile_version": "1",
  "packages": {
    "poetry@1.8.4": {
      "last_modified": "2024-11-28T07:51:56Z",
      "plugin_version": "0.0.4",
      "resolved": "github:NixOS/nixpkgs/226216574ada4c3ecefcbbec41f39ce4655f78ef#poetry",
      "source": "devbox-search",
      "version": "1.8.4",
      "systems": {
        "aarch64-darwin": {
          "outputs": [
            {
              "name": "out",
              "path": "/nix/store/fx30df4032vhsqxi3bgfy1wx3sv408x6-python3.12-poetry-1.8.4",
              "default": true
            },
            {
              "name": "dist",
              "path": "/nix/store/b0rf4va6ibp2dj22ckadmp6vxxm67gwh-python3.12-poetry-1.8.4-dist"
            }
          ],
          "store_path": "/nix/store/fx30df4032vhsqxi3bgfy1wx3sv408x6-python3.12-poetry-1.8.4"
        },
        "aarch64-linux": {
          "outputs": [
            {
              "name": "out",
              "path": "/nix/store/9xijcii5ka977bvkc6g6kknlpy9k291x-python3.12-poetry-1.8.4",
              "default": true
            },
            {
              "name": "dist",
              "path": "/nix/store/y406ixmc63dwwh595qcicz1siag3g7vw-python3.12-poetry-1.8.4-dist"
            }
          ],
          "store_path": "/nix/store/9xijcii5ka977bvkc6g6kknlpy9k291x-python3.12-poetry-1.8.4"
        },
        "x86_64-darwin": {
          "outputs": [
            {
              "name": "out",
              "path": "/nix/store/lny3bq2k2az14s5h023kkyrgr7a4szpw-python3.12-poetry-1.8.4",
              "default": true
            },
            {
              "name": "dist",
              "path": "/nix/store/ca0p7vksmjyaawn1r1vq616ai1w1qcic-python3.12-poetry-1.8.4-dist"
            }
          ],
          "store_path": "/nix/store/lny3bq2k2az14s5h023kkyrgr7a4szpw-python3.12-poetry-1.8.4"
        },
        "x86_64-linux": {
          "outputs": [
            {
              "name": "out",
              "path": "/nix/store/hfkxhka0yhix2zjcn7bwki5a9wfbiczd-python3.12-poetry-1.8.4",
              "default": true
            },
            {
              "name": "dist",
              "path": "/nix/store/qnld2n4rdgc3bl6id6w45zry2xp19mwb-python3.12-poetry-1.8.4-dist"
            }
          ],
          "store_path": "/nix/store/hfkxhka0yhix2zjcn7bwki5a9wfbiczd-python3.12-poetry-1.8.4"
        }
      }
    },
    "python@3.12.0": {
      "last_modified": "2023-11-17T14:14:56Z",
      "plugin_version": "0.0.4",
      "resolved": "github:NixOS/nixpkgs/a71323f68d4377d12c04a5410e214495ec598d4c#python312",
      "source": "devbox-search",
      "version": "3.12.0",
      "systems": {
        "aarch64-darwin": {
          "outputs": [
            {
              "name": "out",
              "path": "/nix/store/c3abs938k4b5k4m1n5icmp14b4gbpxp3-python3-3.12.0",
              "default": true
            }
          ],
          "store_path": "/nix/store/c3abs938k4b5k4m1n5icmp14b4gbpxp3-python3-3.12.0"
        },
        "aarch64-linux": {
          "outputs": [
            {
              "name": "out",
              "path": "/nix/store/3vmqf1mjkyc8yazxn9byarx7ibp6zrsy-python3-3.12.0",
              "default": true
            },
            {
              "name": "debug",
              "path": "/nix/store/z34f7xs6kd3wgaabawrj1i3hndchq7nh-python3-3.12.0-debug"
            }
          ],
          "store_path": "/nix/store/3vmqf1mjkyc8yazxn9byarx7ibp6zrsy-python3-3.12.0"
        },
        "x86_64-darwin": {
          "outputs": [
            {
              "name": "out",
              "path": "/nix/store/1b2075gy0b5scpdyvyxy11cfa1x847d0-python3-3.12.0",
              "default": true
            }
          ],
          "store_path": "/nix/store/1b2075gy0b5scpdyvyxy11cfa1x847d0-python3-3.12.0"
        },
        "x86_64-linux": {
          "outputs": [
            {
              "name": "out",
              "path": "/nix/store/lqwbvvrl0x0f6rxbfm52jajvjlrb0jsx-python3-3.12.0",
              "default": true
            },
            {
              "name": "debug",
              "path": "/nix/store/pr2d686y7qfhsnspylrb61783kh5c2nj-python3-3.12.0-debug"
            }
          ],
          "store_path": "/nix/store/lqwbvvrl0x0f6rxbfm52jajvjlrb0jsx-python3-3.12.0"
        }
      }
    },
    "terraform@latest": {
      "last_modified": "2024-12-03T12:40:06Z",
      "resolved": "github:NixOS/nixpkgs/566e53c2ad750c84f6d31f9ccb9d00f823165550#terraform",
      "source": "devbox-search",
      "version": "1.10.0",
      "systems": {
        "aarch64-darwin": {
          "outputs": [
            {
              "name": "out",
              "path": "/nix/store/gj8n7nl134g8v68arx407anla9hq85h9-terraform-1.10.0",
              "default": true
            }
          ],
          "store_path": "/nix/store/gj8n7nl134g8v68arx407anla9hq85h9-terraform-1.10.0"
        },
        "aarch64-linux": {
          "outputs": [
            {
              "name": "out",
              "path": "/nix/store/h4hlrn3dnbqvkfqcbcxr0vld44479ilm-terraform-1.10.0",
              "default": true
            }
          ],
          "store_path": "/nix/store/h4hlrn3dnbqvkfqcbcxr0vld44479ilm-terraform-1.10.0"
        },
        "x86_64-darwin": {
          "outputs": [
            {
              "name": "out",
              "path": "/nix/store/v2iwrl8c48n3nc2kr4mvh37xvnzqg7qa-terraform-1.10.0",
              "default": true
            }
          ],
          "store_path": "/nix/store/v2iwrl8c48n3nc2kr4mvh37xvnzqg7qa-terraform-1.10.0"
        },
        "x86_64-linux": {
          "outputs": [
            {
              "name": "out",
              "path": "/nix/store/pvg6aphbvrk14jv5xplj84fxhmw7ac6m-terraform-1.10.0",
              "default": true
            }
          ],
          "store_path": "/nix/store/pvg6aphbvrk14jv5xplj84fxhmw7ac6m-terraform-1.10.0"
        }
      }
    }
  }
}
